
Microsoft Visual Studio Solution File, Format Version 12.00
# Visual Studio Version 17
VisualStudioVersion = 17.0.31903.59
MinimumVisualStudioVersion = 10.0.40219.1
Project("{2150E333-8FDC-42A3-9474-1A3956D46DE8}") = "src", "src", "{86DDDB8C-23E9-49F9-9BB1-785A3AA7FDC0}"
EndProject
Project("{FAE04EC0-301F-11D3-BF4B-00C04F79EFBC}") = "BetterDOCX.Cli", "src\BetterDOCX.Cli\BetterDOCX.Cli.csproj", "{430807FD-7BE2-4091-B142-417C441928F6}"
EndProject
Project("{FAE04EC0-301F-11D3-BF4B-00C04F79EFBC}") = "BetterDOCX.Model", "src\BetterDOCX.Model\BetterDOCX.Model.csproj", "{519B8343-D8C3-4DBD-A53B-663FCC82559D}"
EndProject
Project("{FAE04EC0-301F-11D3-BF4B-00C04F79EFBC}") = "BetterDOCX.Composition", "src\BetterDOCX.Composition\BetterDOCX.Composition.csproj", "{A9FB3AF5-5A3B-465D-814C-73F5BAF730A6}"
EndProject
Project("{FAE04EC0-301F-11D3-BF4B-00C04F79EFBC}") = "BetterDOCX.Design", "src\BetterDOCX.Design\BetterDOCX.Design.csproj", "{01ED3CB6-CF4B-40C4-A21D-9B54D314C145}"
EndProject
Project("{FAE04EC0-301F-11D3-BF4B-00C04F79EFBC}") = "BetterDOCX.OpenXml", "src\BetterDOCX.OpenXml\BetterDOCX.OpenXml.csproj", "{3EBE879A-2FA1-497A-B6DF-18CFC9081C93}"
EndProject
Project("{FAE04EC0-301F-11D3-BF4B-00C04F79EFBC}") = "BetterDOCX.Word", "src\BetterDOCX.Word\BetterDOCX.Word.csproj", "{0A0336F0-147A-4F90-AF44-51F8405DD215}"
EndProject
Project("{FAE04EC0-301F-11D3-BF4B-00C04F79EFBC}") = "BetterDOCX.Validation", "src\BetterDOCX.Validation\BetterDOCX.Validation.csproj", "{0E43C4AC-2C62-4B39-9181-A83CFB1E6BD3}"
EndProject
Project("{2150E333-8FDC-42A3-9474-1A3956D46DE8}") = "tests", "tests", "{23E9C57D-272E-4E53-BED1-379B78615E86}"
EndProject
Project("{FAE04EC0-301F-11D3-BF4B-00C04F79EFBC}") = "BetterDOCX.Tests", "tests\BetterDOCX.Tests\BetterDOCX.Tests.csproj", "{F51C104B-E466-44BF-8E1A-B5741714D165}"
EndProject
Global
	GlobalSection(SolutionConfigurationPlatforms) = preSolution
		Debug|Any CPU = Debug|Any CPU
		Release|Any CPU = Release|Any CPU
	EndGlobalSection
	GlobalSection(SolutionProperties) = preSolution
		HideSolutionNode = FALSE
	EndGlobalSection
	GlobalSection(ProjectConfigurationPlatforms) = postSolution
		{430807FD-7BE2-4091-B142-417C441928F6}.Debug|Any CPU.ActiveCfg = Debug|Any CPU
		{430807FD-7BE2-4091-B142-417C441928F6}.Debug|Any CPU.Build.0 = Debug|Any CPU
		{430807FD-7BE2-4091-B142-417C441928F6}.Release|Any CPU.ActiveCfg = Release|Any CPU
		{430807FD-7BE2-4091-B142-417C441928F6}.Release|Any CPU.Build.0 = Release|Any CPU
		{519B8343-D8C3-4DBD-A53B-663FCC82559D}.Debug|Any CPU.ActiveCfg = Debug|Any CPU
		{519B8343-D8C3-4DBD-A53B-663FCC82559D}.Debug|Any CPU.Build.0 = Debug|Any CPU
		{519B8343-D8C3-4DBD-A53B-663FCC82559D}.Release|Any CPU.ActiveCfg = Release|Any CPU
		{519B8343-D8C3-4DBD-A53B-663FCC82559D}.Release|Any CPU.Build.0 = Release|Any CPU
		{A9FB3AF5-5A3B-465D-814C-73F5BAF730A6}.Debug|Any CPU.ActiveCfg = Debug|Any CPU
		{A9FB3AF5-5A3B-465D-814C-73F5BAF730A6}.Debug|Any CPU.Build.0 = Debug|Any CPU
		{A9FB3AF5-5A3B-465D-814C-73F5BAF730A6}.Release|Any CPU.ActiveCfg = Release|Any CPU
		{A9FB3AF5-5A3B-465D-814C-73F5BAF730A6}.Release|Any CPU.Build.0 = Release|Any CPU
		{01ED3CB6-CF4B-40C4-A21D-9B54D314C145}.Debug|Any CPU.ActiveCfg = Debug|Any CPU
		{01ED3CB6-CF4B-40C4-A21D-9B54D314C145}.Debug|Any CPU.Build.0 = Debug|Any CPU
		{01ED3CB6-CF4B-40C4-A21D-9B54D314C145}.Release|Any CPU.ActiveCfg = Release|Any CPU
		{01ED3CB6-CF4B-40C4-A21D-9B54D314C145}.Release|Any CPU.Build.0 = Release|Any CPU
		{3EBE879A-2FA1-497A-B6DF-18CFC9081C93}.Debug|Any CPU.ActiveCfg = Debug|Any CPU
		{3EBE879A-2FA1-497A-B6DF-18CFC9081C93}.Debug|Any CPU.Build.0 = Debug|Any CPU
		{3EBE879A-2FA1-497A-B6DF-18CFC9081C93}.Release|Any CPU.ActiveCfg = Release|Any CPU
		{3EBE879A-2FA1-497A-B6DF-18CFC9081C93}.Release|Any CPU.Build.0 = Release|Any CPU
		{0A0336F0-147A-4F90-AF44-51F8405DD215}.Debug|Any CPU.ActiveCfg = Debug|Any CPU
		{0A0336F0-147A-4F90-AF44-51F8405DD215}.Debug|Any CPU.Build.0 = Debug|Any CPU
		{0A0336F0-147A-4F90-AF44-51F8405DD215}.Release|Any CPU.ActiveCfg = Release|Any CPU
		{0A0336F0-147A-4F90-AF44-51F8405DD215}.Release|Any CPU.Build.0 = Release|Any CPU
		{0E43C4AC-2C62-4B39-9181-A83CFB1E6BD3}.Debug|Any CPU.ActiveCfg = Debug|Any CPU
		{0E43C4AC-2C62-4B39-9181-A83CFB1E6BD3}.Debug|Any CPU.Build.0 = Debug|Any CPU
		{0E43C4AC-2C62-4B39-9181-A83CFB1E6BD3}.Release|Any CPU.ActiveCfg = Release|Any CPU
		{0E43C4AC-2C62-4B39-9181-A83CFB1E6BD3}.Release|Any CPU.Build.0 = Release|Any CPU
		{F51C104B-E466-44BF-8E1A-B5741714D165}.Debug|Any CPU.ActiveCfg = Debug|Any CPU
		{F51C104B-E466-44BF-8E1A-B5741714D165}.Debug|Any CPU.Build.0 = Debug|Any CPU
		{F51C104B-E466-44BF-8E1A-B5741714D165}.Release|Any CPU.ActiveCfg = Release|Any CPU
		{F51C104B-E466-44BF-8E1A-B5741714D165}.Release|Any CPU.Build.0 = Release|Any CPU
	EndGlobalSection
	GlobalSection(NestedProjects) = preSolution
		{430807FD-7BE2-4091-B142-417C441928F6} = {86DDDB8C-23E9-49F9-9BB1-785A3AA7FDC0}
		{519B8343-D8C3-4DBD-A53B-663FCC82559D} = {86DDDB8C-23E9-49F9-9BB1-785A3AA7FDC0}
		{A9FB3AF5-5A3B-465D-814C-73F5BAF730A6} = {86DDDB8C-23E9-49F9-9BB1-785A3AA7FDC0}
		{01ED3CB6-CF4B-40C4-A21D-9B54D314C145} = {86DDDB8C-23E9-49F9-9BB1-785A3AA7FDC0}
		{3EBE879A-2FA1-497A-B6DF-18CFC9081C93} = {86DDDB8C-23E9-49F9-9BB1-785A3AA7FDC0}
		{0A0336F0-147A-4F90-AF44-51F8405DD215} = {86DDDB8C-23E9-49F9-9BB1-785A3AA7FDC0}
		{0E43C4AC-2C62-4B39-9181-A83CFB1E6BD3} = {86DDDB8C-23E9-49F9-9BB1-785A3AA7FDC0}
		{F51C104B-E466-44BF-8E1A-B5741714D165} = {23E9C57D-272E-4E53-BED1-379B78615E86}
	EndGlobalSection
EndGlobal
